
Microsoft Visual Studio Solution File, Format Version 12.00
# Visual Studio Version 16
VisualStudioVersion = 16.0.29728.190
MinimumVisualStudioVersion = 10.0.40219.1
Project("{9A19103F-16F7-4668-BE54-9A1E7A4F7556}") = "WhereTheFile", "src\WhereTheFile\WhereTheFile.csproj", "{15436C18-A32F-4347-B5B3-56B56F6AB7FD}"
EndProject
Project("{2150E333-8FDC-42A3-9474-1A3956D46DE8}") = "Solution Items", "Solution Items", "{34580336-D558-4C0A-874A-554FAB7C4369}"
EndProject
Project("{9A19103F-16F7-4668-BE54-9A1E7A4F7556}") = "WhereTheFile.Tests", "tests\WhereTheFile.Tests\WhereTheFile.Tests.csproj", "{A11C4281-E972-441D-B1EB-BDCB23B53F64}"
EndProject
Project("{FAE04EC0-301F-11D3-BF4B-00C04F79EFBC}") = "WhereTheFile.Types", "src\WhereTheFile.Types\WhereTheFile.Types.csproj", "{B92F2F18-817B-4B64-A4F5-9C87B970A7ED}"
EndProject
Global
	GlobalSection(SolutionConfigurationPlatforms) = preSolution
		Debug|Any CPU = Debug|Any CPU
		Release|Any CPU = Release|Any CPU
	EndGlobalSection
	GlobalSection(ProjectConfigurationPlatforms) = postSolution
		{15436C18-A32F-4347-B5B3-56B56F6AB7FD}.Debug|Any CPU.ActiveCfg = Debug|Any CPU
		{15436C18-A32F-4347-B5B3-56B56F6AB7FD}.Debug|Any CPU.Build.0 = Debug|Any CPU
		{15436C18-A32F-4347-B5B3-56B56F6AB7FD}.Release|Any CPU.ActiveCfg = Release|Any CPU
		{15436C18-A32F-4347-B5B3-56B56F6AB7FD}.Release|Any CPU.Build.0 = Release|Any CPU
		{A11C4281-E972-441D-B1EB-BDCB23B53F64}.Debug|Any CPU.ActiveCfg = Debug|Any CPU
		{A11C4281-E972-441D-B1EB-BDCB23B53F64}.Debug|Any CPU.Build.0 = Debug|Any CPU
		{A11C4281-E972-441D-B1EB-BDCB23B53F64}.Release|Any CPU.ActiveCfg = Release|Any CPU
		{A11C4281-E972-441D-B1EB-BDCB23B53F64}.Release|Any CPU.Build.0 = Release|Any CPU
		{B92F2F18-817B-4B64-A4F5-9C87B970A7ED}.Debug|Any CPU.ActiveCfg = Debug|Any CPU
		{B92F2F18-817B-4B64-A4F5-9C87B970A7ED}.Debug|Any CPU.Build.0 = Debug|Any CPU
		{B92F2F18-817B-4B64-A4F5-9C87B970A7ED}.Release|Any CPU.ActiveCfg = Release|Any CPU
		{B92F2F18-817B-4B64-A4F5-9C87B970A7ED}.Release|Any CPU.Build.0 = Release|Any CPU
	EndGlobalSection
	GlobalSection(SolutionProperties) = preSolution
		HideSolutionNode = FALSE
	EndGlobalSection
	GlobalSection(ExtensibilityGlobals) = postSolution
		SolutionGuid = {B2D90D57-301D-42F1-92A9-EBF9165164DB}
	EndGlobalSection
EndGlobal
